
Microsoft Visual Studio Solution File, Format Version 11.00
# Visual Studio 2010
Project("{F184B08F-C81C-45F6-A57F-5ABD9991F28F}") = "MaterialCalc", "ShearCalculator\MaterialCalc.vbproj", "{0C86352F-1287-4D4B-B7D0-D7844C774C0A}"
EndProject
Project("{54435603-DBB4-11D2-8724-00A0C9A8B90C}") = "MaterialCalcDeploy", "MaterialCalcDeploy\MaterialCalcDeploy.vdproj", "{74FACD14-3E47-4F10-A4D7-762B71056251}"
EndProject
Global
	GlobalSection(SolutionConfigurationPlatforms) = preSolution
		Debug|Any CPU = Debug|Any CPU
		Release|Any CPU = Release|Any CPU
	EndGlobalSection
	GlobalSection(ProjectConfigurationPlatforms) = postSolution
		{0C86352F-1287-4D4B-B7D0-D7844C774C0A}.Debug|Any CPU.ActiveCfg = Debug|Any CPU
		{0C86352F-1287-4D4B-B7D0-D7844C774C0A}.Debug|Any CPU.Build.0 = Debug|Any CPU
		{0C86352F-1287-4D4B-B7D0-D7844C774C0A}.Release|Any CPU.ActiveCfg = Release|x86
		{0C86352F-1287-4D4B-B7D0-D7844C774C0A}.Release|Any CPU.Build.0 = Release|x86
		{74FACD14-3E47-4F10-A4D7-762B71056251}.Debug|Any CPU.ActiveCfg = Debug
		{74FACD14-3E47-4F10-A4D7-762B71056251}.Release|Any CPU.ActiveCfg = Release
		{74FACD14-3E47-4F10-A4D7-762B71056251}.Release|Any CPU.Build.0 = Release
	EndGlobalSection
	GlobalSection(SolutionProperties) = preSolution
		HideSolutionNode = FALSE
	EndGlobalSection
EndGlobal
